<?xml version="1.0" encoding="utf-8"?>
<Project ToolsVersion="4.0" xmlns="http://schemas.microsoft.com/developer/msbuild/2003">
  <ItemGroup>
    <Filter Include="Source Files">
      <UniqueIdentifier>{4FC737F1-C7A5-4376-A066-2A32D752A2FF}</UniqueIdentifier>
      <Extensions>cpp;c;cc;cxx;c++;cppm;ixx;def;odl;idl;hpj;bat;asm;asmx</Extensions>
    </Filter>
    <Filter Include="Header Files">
      <UniqueIdentifier>{93995380-89BD-4b04-88EB-625FBE52EBFB}</UniqueIdentifier>
      <Extensions>h;hh;hpp;hxx;h++;hm;inl;inc;ipp;xsd</Extensions>
    </Filter>
    <Filter Include="Resource Files">
      <UniqueIdentifier>{67DA6AB6-F800-4c08-8B7A-83BB121AAD01}</UniqueIdentifier>
      <Extensions>rc;ico;cur;bmp;dlg;rc2;rct;bin;rgs;gif;jpg;jpeg;jpe;resx;tiff;tif;png;wav;mfcribbon-ms</Extensions>
    </Filter>
  </ItemGroup>
  <ItemGroup>
    <ClCompile Include="Social Network.cpp">
      <Filter>Source Files</Filter>
    </ClCompile>
    <ClCompile Include="MyString.cpp">
      <Filter>Source Files</Filter>
    </ClCompile>
    <ClCompile Include="Topic.cpp">
      <Filter>Source Files</Filter>
    </ClCompile>
    <ClCompile Include="Post.cpp">
      <Filter>Source Files</Filter>
    </ClCompile>
    <ClCompile Include="Comment.cpp">
      <Filter>Source Files</Filter>
    </ClCompile>
    <ClCompile Include="Util.cpp">
      <Filter>Source Files</Filter>
    </ClCompile>
    <ClCompile Include="User.cpp">
      <Filter>Source Files</Filter>
    </ClCompile>
    <ClCompile Include="VoteComment\VoteCommentFactory.cpp">
      <Filter>Source Files</Filter>
    </ClCompile>
    <ClCompile Include="UserManagement\UserCommandFactory.cpp">
      <Filter>Source Files</Filter>
    </ClCompile>
    <ClCompile Include="VoteComment\UpvoteComment.cpp">
      <Filter>Source Files</Filter>
    </ClCompile>
    <ClCompile Include="UserManagement\RegisterCommand.cpp">
      <Filter>Source Files</Filter>
    </ClCompile>
    <ClCompile Include="GeneralNavigation\SearchTopic.cpp">
      <Filter>Source Files</Filter>
    </ClCompile>
    <ClCompile Include="OpenTopic.cpp">
      <Filter>Source Files</Filter>
    </ClCompile>
    <ClCompile Include="OpenPost.cpp">
      <Filter>Source Files</Filter>
    </ClCompile>
    <ClCompile Include="UserManagement\LoginCommand.cpp">
      <Filter>Source Files</Filter>
    </ClCompile>
    <ClCompile Include="GeneralNavigation\GeneralNavigationFactory.cpp">
      <Filter>Source Files</Filter>
    </ClCompile>
    <ClCompile Include="VoteComment\DownvoteComment.cpp">
      <Filter>Source Files</Filter>
    </ClCompile>
    <ClCompile Include="GeneralNavigation\CreateTopic.cpp">
      <Filter>Source Files</Filter>
    </ClCompile>
    <ClCompile Include="GeneralNavigation\AboutTopic.cpp">
      <Filter>Source Files</Filter>
    </ClCompile>
    <ClCompile Include="Engine.cpp">
      <Filter>Source Files</Filter>
    </ClCompile>
    <ClCompile Include="DataManager.cpp">
      <Filter>Source Files</Filter>
    </ClCompile>
  </ItemGroup>
  <ItemGroup>
    <ClInclude Include="MyString.h">
      <Filter>Header Files</Filter>
    </ClInclude>
    <ClInclude Include="Topic.h">
      <Filter>Header Files</Filter>
    </ClInclude>
    <ClInclude Include="Post.h">
      <Filter>Header Files</Filter>
    </ClInclude>
    <ClInclude Include="Comment.h">
      <Filter>Header Files</Filter>
    </ClInclude>
    <ClInclude Include="Vector.hpp">
      <Filter>Source Files</Filter>
    </ClInclude>
    <ClInclude Include="Util.h">
      <Filter>Header Files</Filter>
    </ClInclude>
    <ClInclude Include="User.h">
      <Filter>Header Files</Filter>
    </ClInclude>
    <ClInclude Include="UserManagement\RegisterCommand.h">
      <Filter>Header Files</Filter>
    </ClInclude>
    <ClInclude Include="UserManagement\UserCommand.h">
      <Filter>Header Files</Filter>
    </ClInclude>
    <ClInclude Include="UserManagement\UserCommandFactory.h">
      <Filter>Header Files</Filter>
    </ClInclude>
    <ClInclude Include="UserManagement\LoginCommand.h">
      <Filter>Header Files</Filter>
    </ClInclude>
    <ClInclude Include="GeneralNavigation\SearchTopic.h">
      <Filter>Header Files</Filter>
    </ClInclude>
    <ClInclude Include="GeneralNavigation\GeneralNavigation.h">
      <Filter>Header Files</Filter>
    </ClInclude>
    <ClInclude Include="GeneralNavigation\CreateTopic.h">
      <Filter>Header Files</Filter>
    </ClInclude>
    <ClInclude Include="GeneralNavigation\AboutTopic.h">
      <Filter>Header Files</Filter>
    </ClInclude>
    <ClInclude Include="GeneralNavigation\GeneralNavigationFactory.h">
      <Filter>Header Files</Filter>
    </ClInclude>
    <ClInclude Include="OpenTopic.h">
      <Filter>Header Files</Filter>
    </ClInclude>
    <ClInclude Include="OpenPost.h">
      <Filter>Header Files</Filter>
    </ClInclude>
    <ClInclude Include="VoteComment\UpvoteComment.h">
      <Filter>Header Files</Filter>
    </ClInclude>
    <ClInclude Include="VoteComment\VoteComment.h">
      <Filter>Header Files</Filter>
    </ClInclude>
    <ClInclude Include="VoteComment\VoteCommentFactory.h">
      <Filter>Header Files</Filter>
    </ClInclude>
    <ClInclude Include="VoteComment\DownvoteComment.h">
      <Filter>Header Files</Filter>
    </ClInclude>
    <ClInclude Include="Engine.h">
      <Filter>Header Files</Filter>
    </ClInclude>
    <ClInclude Include="ConstantsAndIncludes.h">
      <Filter>Header Files</Filter>
    </ClInclude>
    <ClInclude Include="DataManager.h">
      <Filter>Header Files</Filter>
    </ClInclude>
  </ItemGroup>
</Project>